
Microsoft Visual Studio Solution File, Format Version 12.00
# Visual Studio Version 17
VisualStudioVersion = 17.10.34928.147
MinimumVisualStudioVersion = 10.0.40219.1
Project("{FAE04EC0-301F-11D3-BF4B-00C04F79EFBC}") = "EAV_Draft", "EAV_Draft.csproj", "{B3C044D5-58DC-4806-9365-2D98E9831B5D}"
EndProject
Global
	GlobalSection(SolutionConfigurationPlatforms) = preSolution
		Debug|Any CPU = Debug|Any CPU
		Release|Any CPU = Release|Any CPU
	EndGlobalSection
	GlobalSection(ProjectConfigurationPlatforms) = postSolution
		{B3C044D5-58DC-4806-9365-2D98E9831B5D}.Debug|Any CPU.ActiveCfg = Debug|Any CPU
		{B3C044D5-58DC-4806-9365-2D98E9831B5D}.Debug|Any CPU.Build.0 = Debug|Any CPU
		{B3C044D5-58DC-4806-9365-2D98E9831B5D}.Release|Any CPU.ActiveCfg = Release|Any CPU
		{B3C044D5-58DC-4806-9365-2D98E9831B5D}.Release|Any CPU.Build.0 = Release|Any CPU
	EndGlobalSection
	GlobalSection(SolutionProperties) = preSolution
		HideSolutionNode = FALSE
	EndGlobalSection
	GlobalSection(ExtensibilityGlobals) = postSolution
		SolutionGuid = {4B490620-6A9B-484B-BE79-0AE389A86AB0}
	EndGlobalSection
EndGlobal
